// !$*UTF8*$!
{
	archiveVersion = 1;
	classes = {
	};
	objectVersion = 46;
	objects = {

/* Begin PBXBuildFile section */
		4FCD9B7E0AA02CA953ED8C23 /* Pods_FristRACProject.framework in Frameworks */ = {isa = PBXBuildFile; fileRef = D288E50E48188F71F825A7E8 /* Pods_FristRACProject.framework */; };
		DD164AFB1D64631A001049D7 /* main.m in Sources */ = {isa = PBXBuildFile; fileRef = DD164AFA1D64631A001049D7 /* main.m */; };
		DD164B061D64631A001049D7 /* Assets.xcassets in Resources */ = {isa = PBXBuildFile; fileRef = DD164B051D64631A001049D7 /* Assets.xcassets */; };
		DD164B091D64631A001049D7 /* LaunchScreen.storyboard in Resources */ = {isa = PBXBuildFile; fileRef = DD164B071D64631A001049D7 /* LaunchScreen.storyboard */; };
		DD164B141D64631A001049D7 /* FristRACProjectTests.m in Sources */ = {isa = PBXBuildFile; fileRef = DD164B131D64631A001049D7 /* FristRACProjectTests.m */; };
		DD164B1F1D64631A001049D7 /* FristRACProjectUITests.m in Sources */ = {isa = PBXBuildFile; fileRef = DD164B1E1D64631A001049D7 /* FristRACProjectUITests.m */; };
		DDA14B101D76D8230013D22E /* AppDelegate.m in Sources */ = {isa = PBXBuildFile; fileRef = DDA14ADE1D76D8230013D22E /* AppDelegate.m */; };
		DDA14B111D76D8230013D22E /* ZLBaseNavigationViewController.m in Sources */ = {isa = PBXBuildFile; fileRef = DDA14AE31D76D8230013D22E /* ZLBaseNavigationViewController.m */; };
		DDA14B121D76D8230013D22E /* ZLBaseTableViewCell.m in Sources */ = {isa = PBXBuildFile; fileRef = DDA14AE61D76D8230013D22E /* ZLBaseTableViewCell.m */; };
		DDA14B131D76D8230013D22E /* ZLBaseView.m in Sources */ = {isa = PBXBuildFile; fileRef = DDA14AE81D76D8230013D22E /* ZLBaseView.m */; };
		DDA14B141D76D8230013D22E /* ZLBaseViewController.m in Sources */ = {isa = PBXBuildFile; fileRef = DDA14AEA1D76D8230013D22E /* ZLBaseViewController.m */; };
		DDA14B151D76D8230013D22E /* ZLBaseViewModel.m in Sources */ = {isa = PBXBuildFile; fileRef = DDA14AED1D76D8230013D22E /* ZLBaseViewModel.m */; };
		DDA14B161D76D8230013D22E /* LearingViewController.m in Sources */ = {isa = PBXBuildFile; fileRef = DDA14AFC1D76D8230013D22E /* LearingViewController.m */; };
		DDA14B171D76D8230013D22E /* LearingListModel.m in Sources */ = {isa = PBXBuildFile; fileRef = DDA14AFF1D76D8230013D22E /* LearingListModel.m */; };
		DDA14B181D76D8230013D22E /* LiveModel.m in Sources */ = {isa = PBXBuildFile; fileRef = DDA14B011D76D8230013D22E /* LiveModel.m */; };
		DDA14B191D76D8230013D22E /* LearView.m in Sources */ = {isa = PBXBuildFile; fileRef = DDA14B041D76D8230013D22E /* LearView.m */; };
		DDA14B1A1D76D8230013D22E /* LearCellViewModel.m in Sources */ = {isa = PBXBuildFile; fileRef = DDA14B071D76D8230013D22E /* LearCellViewModel.m */; };
		DDA14B1B1D76D8230013D22E /* LearViewModel.m in Sources */ = {isa = PBXBuildFile; fileRef = DDA14B091D76D8230013D22E /* LearViewModel.m */; };
		DDA14B1C1D76D8230013D22E /* zxx_jc.jpg in Resources */ = {isa = PBXBuildFile; fileRef = DDA14B0D1D76D8230013D22E /* zxx_jc.jpg */; };
/* End PBXBuildFile section */

/* Begin PBXContainerItemProxy section */
		DD164B101D64631A001049D7 /* PBXContainerItemProxy */ = {
			isa = PBXContainerItemProxy;
			containerPortal = DD164AEE1D64631A001049D7 /* Project object */;
			proxyType = 1;
			remoteGlobalIDString = DD164AF51D64631A001049D7;
			remoteInfo = FristRACProject;
		};
		DD164B1B1D64631A001049D7 /* PBXContainerItemProxy */ = {
			isa = PBXContainerItemProxy;
			containerPortal = DD164AEE1D64631A001049D7 /* Project object */;
			proxyType = 1;
			remoteGlobalIDString = DD164AF51D64631A001049D7;
			remoteInfo = FristRACProject;
		};
/* End PBXContainerItemProxy section */

/* Begin PBXFileReference section */
		1D9A936A5719AA27A813D6B8 /* Pods-FristRACProject.debug.xcconfig */ = {isa = PBXFileReference; includeInIndex = 1; lastKnownFileType = text.xcconfig; name = "Pods-FristRACProject.debug.xcconfig"; path = "Pods/Target Support Files/Pods-FristRACProject/Pods-FristRACProject.debug.xcconfig"; sourceTree = "<group>"; };
		D288E50E48188F71F825A7E8 /* Pods_FristRACProject.framework */ = {isa = PBXFileReference; explicitFileType = wrapper.framework; includeInIndex = 0; path = Pods_FristRACProject.framework; sourceTree = BUILT_PRODUCTS_DIR; };
		DD164AF61D64631A001049D7 /* FristRACProject.app */ = {isa = PBXFileReference; explicitFileType = wrapper.application; includeInIndex = 0; path = FristRACProject.app; sourceTree = BUILT_PRODUCTS_DIR; };
		DD164AFA1D64631A001049D7 /* main.m */ = {isa = PBXFileReference; lastKnownFileType = sourcecode.c.objc; path = main.m; sourceTree = "<group>"; };
		DD164B051D64631A001049D7 /* Assets.xcassets */ = {isa = PBXFileReference; lastKnownFileType = folder.assetcatalog; path = Assets.xcassets; sourceTree = "<group>"; };
		DD164B081D64631A001049D7 /* Base */ = {isa = PBXFileReference; lastKnownFileType = file.storyboard; name = Base; path = Base.lproj/LaunchScreen.storyboard; sourceTree = "<group>"; };
		DD164B0A1D64631A001049D7 /* Info.plist */ = {isa = PBXFileReference; lastKnownFileType = text.plist.xml; path = Info.plist; sourceTree = "<group>"; };
		DD164B0F1D64631A001049D7 /* FristRACProjectTests.xctest */ = {isa = PBXFileReference; explicitFileType = wrapper.cfbundle; includeInIndex = 0; path = FristRACProjectTests.xctest; sourceTree = BUILT_PRODUCTS_DIR; };
		DD164B131D64631A001049D7 /* FristRACProjectTests.m */ = {isa = PBXFileReference; lastKnownFileType = sourcecode.c.objc; path = FristRACProjectTests.m; sourceTree = "<group>"; };
		DD164B151D64631A001049D7 /* Info.plist */ = {isa = PBXFileReference; lastKnownFileType = text.plist.xml; path = Info.plist; sourceTree = "<group>"; };
		DD164B1A1D64631A001049D7 /* FristRACProjectUITests.xctest */ = {isa = PBXFileReference; explicitFileType = wrapper.cfbundle; includeInIndex = 0; path = FristRACProjectUITests.xctest; sourceTree = BUILT_PRODUCTS_DIR; };
		DD164B1E1D64631A001049D7 /* FristRACProjectUITests.m */ = {isa = PBXFileReference; lastKnownFileType = sourcecode.c.objc; path = FristRACProjectUITests.m; sourceTree = "<group>"; };
		DD164B201D64631A001049D7 /* Info.plist */ = {isa = PBXFileReference; lastKnownFileType = text.plist.xml; path = Info.plist; sourceTree = "<group>"; };
		DDA14ADD1D76D8230013D22E /* AppDelegate.h */ = {isa = PBXFileReference; fileEncoding = 4; lastKnownFileType = sourcecode.c.h; path = AppDelegate.h; sourceTree = "<group>"; };
		DDA14ADE1D76D8230013D22E /* AppDelegate.m */ = {isa = PBXFileReference; fileEncoding = 4; lastKnownFileType = sourcecode.c.objc; path = AppDelegate.m; sourceTree = "<group>"; };
		DDA14AE21D76D8230013D22E /* ZLBaseNavigationViewController.h */ = {isa = PBXFileReference; fileEncoding = 4; lastKnownFileType = sourcecode.c.h; path = ZLBaseNavigationViewController.h; sourceTree = "<group>"; };
		DDA14AE31D76D8230013D22E /* ZLBaseNavigationViewController.m */ = {isa = PBXFileReference; fileEncoding = 4; lastKnownFileType = sourcecode.c.objc; path = ZLBaseNavigationViewController.m; sourceTree = "<group>"; };
		DDA14AE41D76D8230013D22E /* ZLBaseTabelViewCellProctol.h */ = {isa = PBXFileReference; fileEncoding = 4; lastKnownFileType = sourcecode.c.h; path = ZLBaseTabelViewCellProctol.h; sourceTree = "<group>"; };
		DDA14AE51D76D8230013D22E /* ZLBaseTableViewCell.h */ = {isa = PBXFileReference; fileEncoding = 4; lastKnownFileType = sourcecode.c.h; path = ZLBaseTableViewCell.h; sourceTree = "<group>"; };
		DDA14AE61D76D8230013D22E /* ZLBaseTableViewCell.m */ = {isa = PBXFileReference; fileEncoding = 4; lastKnownFileType = sourcecode.c.objc; path = ZLBaseTableViewCell.m; sourceTree = "<group>"; };
		DDA14AE71D76D8230013D22E /* ZLBaseView.h */ = {isa = PBXFileReference; fileEncoding = 4; lastKnownFileType = sourcecode.c.h; path = ZLBaseView.h; sourceTree = "<group>"; };
		DDA14AE81D76D8230013D22E /* ZLBaseView.m */ = {isa = PBXFileReference; fileEncoding = 4; lastKnownFileType = sourcecode.c.objc; path = ZLBaseView.m; sourceTree = "<group>"; };
		DDA14AE91D76D8230013D22E /* ZLBaseViewController.h */ = {isa = PBXFileReference; fileEncoding = 4; lastKnownFileType = sourcecode.c.h; path = ZLBaseViewController.h; sourceTree = "<group>"; };
		DDA14AEA1D76D8230013D22E /* ZLBaseViewController.m */ = {isa = PBXFileReference; fileEncoding = 4; lastKnownFileType = sourcecode.c.objc; path = ZLBaseViewController.m; sourceTree = "<group>"; };
		DDA14AEB1D76D8230013D22E /* ZLBaseViewControllerProtocol.h */ = {isa = PBXFileReference; fileEncoding = 4; lastKnownFileType = sourcecode.c.h; path = ZLBaseViewControllerProtocol.h; sourceTree = "<group>"; };
		DDA14AEC1D76D8230013D22E /* ZLBaseViewModel.h */ = {isa = PBXFileReference; fileEncoding = 4; lastKnownFileType = sourcecode.c.h; path = ZLBaseViewModel.h; sourceTree = "<group>"; };
		DDA14AED1D76D8230013D22E /* ZLBaseViewModel.m */ = {isa = PBXFileReference; fileEncoding = 4; lastKnownFileType = sourcecode.c.objc; path = ZLBaseViewModel.m; sourceTree = "<group>"; };
		DDA14AEE1D76D8230013D22E /* ZLBaseViewModelProtcol.h */ = {isa = PBXFileReference; fileEncoding = 4; lastKnownFileType = sourcecode.c.h; path = ZLBaseViewModelProtcol.h; sourceTree = "<group>"; };
		DDA14AEF1D76D8230013D22E /* ZLViewProtccol.h */ = {isa = PBXFileReference; fileEncoding = 4; lastKnownFileType = sourcecode.c.h; path = ZLViewProtccol.h; sourceTree = "<group>"; };
		DDA14AF71D76D8230013D22E /* DeviceMacro.h */ = {isa = PBXFileReference; fileEncoding = 4; lastKnownFileType = sourcecode.c.h; path = DeviceMacro.h; sourceTree = "<group>"; };
		DDA14AFB1D76D8230013D22E /* LearingViewController.h */ = {isa = PBXFileReference; fileEncoding = 4; lastKnownFileType = sourcecode.c.h; path = LearingViewController.h; sourceTree = "<group>"; };
		DDA14AFC1D76D8230013D22E /* LearingViewController.m */ = {isa = PBXFileReference; fileEncoding = 4; lastKnownFileType = sourcecode.c.objc; path = LearingViewController.m; sourceTree = "<group>"; };
		DDA14AFE1D76D8230013D22E /* LearingListModel.h */ = {isa = PBXFileReference; fileEncoding = 4; lastKnownFileType = sourcecode.c.h; path = LearingListModel.h; sourceTree = "<group>"; };
		DDA14AFF1D76D8230013D22E /* LearingListModel.m */ = {isa = PBXFileReference; fileEncoding = 4; lastKnownFileType = sourcecode.c.objc; path = LearingListModel.m; sourceTree = "<group>"; };
		DDA14B001D76D8230013D22E /* LiveModel.h */ = {isa = PBXFileReference; fileEncoding = 4; lastKnownFileType = sourcecode.c.h; path = LiveModel.h; sourceTree = "<group>"; };
		DDA14B011D76D8230013D22E /* LiveModel.m */ = {isa = PBXFileReference; fileEncoding = 4; lastKnownFileType = sourcecode.c.objc; path = LiveModel.m; sourceTree = "<group>"; };
		DDA14B031D76D8230013D22E /* LearView.h */ = {isa = PBXFileReference; fileEncoding = 4; lastKnownFileType = sourcecode.c.h; path = LearView.h; sourceTree = "<group>"; };
		DDA14B041D76D8230013D22E /* LearView.m */ = {isa = PBXFileReference; fileEncoding = 4; lastKnownFileType = sourcecode.c.objc; path = LearView.m; sourceTree = "<group>"; };
		DDA14B061D76D8230013D22E /* LearCellViewModel.h */ = {isa = PBXFileReference; fileEncoding = 4; lastKnownFileType = sourcecode.c.h; path = LearCellViewModel.h; sourceTree = "<group>"; };
		DDA14B071D76D8230013D22E /* LearCellViewModel.m */ = {isa = PBXFileReference; fileEncoding = 4; lastKnownFileType = sourcecode.c.objc; path = LearCellViewModel.m; sourceTree = "<group>"; };
		DDA14B081D76D8230013D22E /* LearViewModel.h */ = {isa = PBXFileReference; fileEncoding = 4; lastKnownFileType = sourcecode.c.h; path = LearViewModel.h; sourceTree = "<group>"; };
		DDA14B091D76D8230013D22E /* LearViewModel.m */ = {isa = PBXFileReference; fileEncoding = 4; lastKnownFileType = sourcecode.c.objc; path = LearViewModel.m; sourceTree = "<group>"; };
		DDA14B0D1D76D8230013D22E /* zxx_jc.jpg */ = {isa = PBXFileReference; lastKnownFileType = image.jpeg; path = zxx_jc.jpg; sourceTree = "<group>"; };
		DDA14B1E1D76D9430013D22E /* PrefixHeader.pch */ = {isa = PBXFileReference; fileEncoding = 4; lastKnownFileType = sourcecode.c.h; path = PrefixHeader.pch; sourceTree = "<group>"; };
		ECC7424153E2F0347E422481 /* Pods-FristRACProject.release.xcconfig */ = {isa = PBXFileReference; includeInIndex = 1; lastKnownFileType = text.xcconfig; name = "Pods-FristRACProject.release.xcconfig"; path = "Pods/Target Support Files/Pods-FristRACProject/Pods-FristRACProject.release.xcconfig"; sourceTree = "<group>"; };
/* End PBXFileReference section */

/* Begin PBXFrameworksBuildPhase section */
		DD164AF31D64631A001049D7 /* Frameworks */ = {
			isa = PBXFrameworksBuildPhase;
			buildActionMask = 2147483647;
			files = (
				4FCD9B7E0AA02CA953ED8C23 /* Pods_FristRACProject.framework in Frameworks */,
			);
			runOnlyForDeploymentPostprocessing = 0;
		};
		DD164B0C1D64631A001049D7 /* Frameworks */ = {
			isa = PBXFrameworksBuildPhase;
			buildActionMask = 2147483647;
			files = (
			);
			runOnlyForDeploymentPostprocessing = 0;
		};
		DD164B171D64631A001049D7 /* Frameworks */ = {
			isa = PBXFrameworksBuildPhase;
			buildActionMask = 2147483647;
			files = (
			);
			runOnlyForDeploymentPostprocessing = 0;
		};
/* End PBXFrameworksBuildPhase section */

/* Begin PBXGroup section */
		91BFE3B9CF7FF6F3ADDF8086 /* Frameworks */ = {
			isa = PBXGroup;
			children = (
				D288E50E48188F71F825A7E8 /* Pods_FristRACProject.framework */,
			);
			name = Frameworks;
			sourceTree = "<group>";
		};
		BCE06A9B3FD6C6CCE638AD5D /* Pods */ = {
			isa = PBXGroup;
			children = (
				1D9A936A5719AA27A813D6B8 /* Pods-FristRACProject.debug.xcconfig */,
				ECC7424153E2F0347E422481 /* Pods-FristRACProject.release.xcconfig */,
			);
			name = Pods;
			sourceTree = "<group>";
		};
		DD164AED1D64631A001049D7 = {
			isa = PBXGroup;
			children = (
				DD164AF81D64631A001049D7 /* FristRACProject */,
				DD164B121D64631A001049D7 /* FristRACProjectTests */,
				DD164B1D1D64631A001049D7 /* FristRACProjectUITests */,
				DD164AF71D64631A001049D7 /* Products */,
				BCE06A9B3FD6C6CCE638AD5D /* Pods */,
				91BFE3B9CF7FF6F3ADDF8086 /* Frameworks */,
			);
			sourceTree = "<group>";
		};
		DD164AF71D64631A001049D7 /* Products */ = {
			isa = PBXGroup;
			children = (
				DD164AF61D64631A001049D7 /* FristRACProject.app */,
				DD164B0F1D64631A001049D7 /* FristRACProjectTests.xctest */,
				DD164B1A1D64631A001049D7 /* FristRACProjectUITests.xctest */,
			);
			name = Products;
			sourceTree = "<group>";
		};
		DD164AF81D64631A001049D7 /* FristRACProject */ = {
			isa = PBXGroup;
			children = (
				DDA14ADC1D76D8230013D22E /* AppDelegate */,
				DDA14ADF1D76D8230013D22E /* Class */,
				DDA14B0A1D76D8230013D22E /* Resource */,
				DD164B051D64631A001049D7 /* Assets.xcassets */,
				DD164B071D64631A001049D7 /* LaunchScreen.storyboard */,
				DD164B0A1D64631A001049D7 /* Info.plist */,
				DD164AF91D64631A001049D7 /* Supporting Files */,
			);
			path = FristRACProject;
			sourceTree = "<group>";
		};
		DD164AF91D64631A001049D7 /* Supporting Files */ = {
			isa = PBXGroup;
			children = (
				DD164AFA1D64631A001049D7 /* main.m */,
				DDA14B1E1D76D9430013D22E /* PrefixHeader.pch */,
			);
			name = "Supporting Files";
			sourceTree = "<group>";
		};
		DD164B121D64631A001049D7 /* FristRACProjectTests */ = {
			isa = PBXGroup;
			children = (
				DD164B131D64631A001049D7 /* FristRACProjectTests.m */,
				DD164B151D64631A001049D7 /* Info.plist */,
			);
			path = FristRACProjectTests;
			sourceTree = "<group>";
		};
		DD164B1D1D64631A001049D7 /* FristRACProjectUITests */ = {
			isa = PBXGroup;
			children = (
				DD164B1E1D64631A001049D7 /* FristRACProjectUITests.m */,
				DD164B201D64631A001049D7 /* Info.plist */,
			);
			path = FristRACProjectUITests;
			sourceTree = "<group>";
		};
		DDA14ADC1D76D8230013D22E /* AppDelegate */ = {
			isa = PBXGroup;
			children = (
				DDA14ADD1D76D8230013D22E /* AppDelegate.h */,
				DDA14ADE1D76D8230013D22E /* AppDelegate.m */,
			);
			path = AppDelegate;
			sourceTree = "<group>";
		};
		DDA14ADF1D76D8230013D22E /* Class */ = {
			isa = PBXGroup;
			children = (
				DDA14AE01D76D8230013D22E /* General */,
				DDA14AF51D76D8230013D22E /* Helpers */,
				DDA14AF61D76D8230013D22E /* Macro */,
				DDA14AF81D76D8230013D22E /* Sections */,
			);
			path = Class;
			sourceTree = "<group>";
		};
		DDA14AE01D76D8230013D22E /* General */ = {
			isa = PBXGroup;
			children = (
				DDA14AE11D76D8230013D22E /* Base */,
				DDA14AF01D76D8230013D22E /* Categories */,
				DDA14AF11D76D8230013D22E /* Core */,
				DDA14AF21D76D8230013D22E /* Models */,
				DDA14AF31D76D8230013D22E /* Public */,
				DDA14AF41D76D8230013D22E /* Views */,
			);
			path = General;
			sourceTree = "<group>";
		};
		DDA14AE11D76D8230013D22E /* Base */ = {
			isa = PBXGroup;
			children = (
				DDA14AE21D76D8230013D22E /* ZLBaseNavigationViewController.h */,
				DDA14AE31D76D8230013D22E /* ZLBaseNavigationViewController.m */,
				DDA14AE41D76D8230013D22E /* ZLBaseTabelViewCellProctol.h */,
				DDA14AE51D76D8230013D22E /* ZLBaseTableViewCell.h */,
				DDA14AE61D76D8230013D22E /* ZLBaseTableViewCell.m */,
				DDA14AE71D76D8230013D22E /* ZLBaseView.h */,
				DDA14AE81D76D8230013D22E /* ZLBaseView.m */,
				DDA14AE91D76D8230013D22E /* ZLBaseViewController.h */,
				DDA14AEA1D76D8230013D22E /* ZLBaseViewController.m */,
				DDA14AEB1D76D8230013D22E /* ZLBaseViewControllerProtocol.h */,
				DDA14AEC1D76D8230013D22E /* ZLBaseViewModel.h */,
				DDA14AED1D76D8230013D22E /* ZLBaseViewModel.m */,
				DDA14AEE1D76D8230013D22E /* ZLBaseViewModelProtcol.h */,
				DDA14AEF1D76D8230013D22E /* ZLViewProtccol.h */,
			);
			path = Base;
			sourceTree = "<group>";
		};
		DDA14AF01D76D8230013D22E /* Categories */ = {
			isa = PBXGroup;
			children = (
			);
			path = Categories;
			sourceTree = "<group>";
		};
		DDA14AF11D76D8230013D22E /* Core */ = {
			isa = PBXGroup;
			children = (
			);
			path = Core;
			sourceTree = "<group>";
		};
		DDA14AF21D76D8230013D22E /* Models */ = {
			isa = PBXGroup;
			children = (
			);
			path = Models;
			sourceTree = "<group>";
		};
		DDA14AF31D76D8230013D22E /* Public */ = {
			isa = PBXGroup;
			children = (
			);
			path = Public;
			sourceTree = "<group>";
		};
		DDA14AF41D76D8230013D22E /* Views */ = {
			isa = PBXGroup;
			children = (
			);
			path = Views;
			sourceTree = "<group>";
		};
		DDA14AF51D76D8230013D22E /* Helpers */ = {
			isa = PBXGroup;
			children = (
			);
			path = Helpers;
			sourceTree = "<group>";
		};
		DDA14AF61D76D8230013D22E /* Macro */ = {
			isa = PBXGroup;
			children = (
				DDA14AF71D76D8230013D22E /* DeviceMacro.h */,
			);
			path = Macro;
			sourceTree = "<group>";
		};
		DDA14AF81D76D8230013D22E /* Sections */ = {
			isa = PBXGroup;
			children = (
				DDA14AF91D76D8230013D22E /* ZL_Section */,
			);
			path = Sections;
			sourceTree = "<group>";
		};
		DDA14AF91D76D8230013D22E /* ZL_Section */ = {
			isa = PBXGroup;
			children = (
				DDA14AFA1D76D8230013D22E /* Controller */,
				DDA14AFD1D76D8230013D22E /* Model */,
				DDA14B021D76D8230013D22E /* View */,
				DDA14B051D76D8230013D22E /* ViewModel */,
			);
			path = ZL_Section;
			sourceTree = "<group>";
		};
		DDA14AFA1D76D8230013D22E /* Controller */ = {
			isa = PBXGroup;
			children = (
				DDA14AFB1D76D8230013D22E /* LearingViewController.h */,
				DDA14AFC1D76D8230013D22E /* LearingViewController.m */,
			);
			path = Controller;
			sourceTree = "<group>";
		};
		DDA14AFD1D76D8230013D22E /* Model */ = {
			isa = PBXGroup;
			children = (
				DDA14AFE1D76D8230013D22E /* LearingListModel.h */,
				DDA14AFF1D76D8230013D22E /* LearingListModel.m */,
				DDA14B001D76D8230013D22E /* LiveModel.h */,
				DDA14B011D76D8230013D22E /* LiveModel.m */,
			);
			path = Model;
			sourceTree = "<group>";
		};
		DDA14B021D76D8230013D22E /* View */ = {
			isa = PBXGroup;
			children = (
				DDA14B031D76D8230013D22E /* LearView.h */,
				DDA14B041D76D8230013D22E /* LearView.m */,
			);
			path = View;
			sourceTree = "<group>";
		};
		DDA14B051D76D8230013D22E /* ViewModel */ = {
			isa = PBXGroup;
			children = (
				DDA14B061D76D8230013D22E /* LearCellViewModel.h */,
				DDA14B071D76D8230013D22E /* LearCellViewModel.m */,
				DDA14B081D76D8230013D22E /* LearViewModel.h */,
				DDA14B091D76D8230013D22E /* LearViewModel.m */,
			);
			path = ViewModel;
			sourceTree = "<group>";
		};
		DDA14B0A1D76D8230013D22E /* Resource */ = {
			isa = PBXGroup;
			children = (
				DDA14B0B1D76D8230013D22E /* Font */,
				DDA14B0C1D76D8230013D22E /* Images */,
				DDA14B0E1D76D8230013D22E /* Sound */,
				DDA14B0F1D76D8230013D22E /* Video */,
			);
			path = Resource;
			sourceTree = "<group>";
		};
		DDA14B0B1D76D8230013D22E /* Font */ = {
			isa = PBXGroup;
			children = (
			);
			path = Font;
			sourceTree = "<group>";
		};
		DDA14B0C1D76D8230013D22E /* Images */ = {
			isa = PBXGroup;
			children = (
				DDA14B0D1D76D8230013D22E /* zxx_jc.jpg */,
			);
			path = Images;
			sourceTree = "<group>";
		};
		DDA14B0E1D76D8230013D22E /* Sound */ = {
			isa = PBXGroup;
			children = (
			);
			path = Sound;
			sourceTree = "<group>";
		};
		DDA14B0F1D76D8230013D22E /* Video */ = {
			isa = PBXGroup;
			children = (
			);
			path = Video;
			sourceTree = "<group>";
		};
/* End PBXGroup section */

/* Begin PBXNativeTarget section */
		DD164AF51D64631A001049D7 /* FristRACProject */ = {
			isa = PBXNativeTarget;
			buildConfigurationList = DD164B231D64631A001049D7 /* Build configuration list for PBXNativeTarget "FristRACProject" */;
			buildPhases = (
				3D43D74787877CD381DFF046 /* [CP] Check Pods Manifest.lock */,
				DD164AF21D64631A001049D7 /* Sources */,
				DD164AF31D64631A001049D7 /* Frameworks */,
				DD164AF41D64631A001049D7 /* Resources */,
				9FF9FDD8D31EFD816B59F235 /* [CP] Embed Pods Frameworks */,
				D3077A045B093C5652342706 /* [CP] Copy Pods Resources */,
			);
			buildRules = (
			);
			dependencies = (
			);
			name = FristRACProject;
			productName = FristRACProject;
			productReference = DD164AF61D64631A001049D7 /* FristRACProject.app */;
			productType = "com.apple.product-type.application";
		};
		DD164B0E1D64631A001049D7 /* FristRACProjectTests */ = {
			isa = PBXNativeTarget;
			buildConfigurationList = DD164B261D64631A001049D7 /* Build configuration list for PBXNativeTarget "FristRACProjectTests" */;
			buildPhases = (
				DD164B0B1D64631A001049D7 /* Sources */,
				DD164B0C1D64631A001049D7 /* Frameworks */,
				DD164B0D1D64631A001049D7 /* Resources */,
			);
			buildRules = (
			);
			dependencies = (
				DD164B111D64631A001049D7 /* PBXTargetDependency */,
			);
			name = FristRACProjectTests;
			productName = FristRACProjectTests;
			productReference = DD164B0F1D64631A001049D7 /* FristRACProjectTests.xctest */;
			productType = "com.apple.product-type.bundle.unit-test";
		};
		DD164B191D64631A001049D7 /* FristRACProjectUITests */ = {
			isa = PBXNativeTarget;
			buildConfigurationList = DD164B291D64631A001049D7 /* Build configuration list for PBXNativeTarget "FristRACProjectUITests" */;
			buildPhases = (
				DD164B161D64631A001049D7 /* Sources */,
				DD164B171D64631A001049D7 /* Frameworks */,
				DD164B181D64631A001049D7 /* Resources */,
			);
			buildRules = (
			);
			dependencies = (
				DD164B1C1D64631A001049D7 /* PBXTargetDependency */,
			);
			name = FristRACProjectUITests;
			productName = FristRACProjectUITests;
			productReference = DD164B1A1D64631A001049D7 /* FristRACProjectUITests.xctest */;
			productType = "com.apple.product-type.bundle.ui-testing";
		};
/* End PBXNativeTarget section */

/* Begin PBXProject section */
		DD164AEE1D64631A001049D7 /* Project object */ = {
			isa = PBXProject;
			attributes = {
				LastUpgradeCheck = 0730;
				ORGANIZATIONNAME = lei.Zhang;
				TargetAttributes = {
					DD164AF51D64631A001049D7 = {
						CreatedOnToolsVersion = 7.3;
					};
					DD164B0E1D64631A001049D7 = {
						CreatedOnToolsVersion = 7.3;
						TestTargetID = DD164AF51D64631A001049D7;
					};
					DD164B191D64631A001049D7 = {
						CreatedOnToolsVersion = 7.3;
						TestTargetID = DD164AF51D64631A001049D7;
					};
				};
			};
			buildConfigurationList = DD164AF11D64631A001049D7 /* Build configuration list for PBXProject "FristRACProject" */;
			compatibilityVersion = "Xcode 3.2";
			developmentRegion = English;
			hasScannedForEncodings = 0;
			knownRegions = (
				en,
				Base,
			);
			mainGroup = DD164AED1D64631A001049D7;
			productRefGroup = DD164AF71D64631A001049D7 /* Products */;
			projectDirPath = "";
			projectRoot = "";
			targets = (
				DD164AF51D64631A001049D7 /* FristRACProject */,
				DD164B0E1D64631A001049D7 /* FristRACProjectTests */,
				DD164B191D64631A001049D7 /* FristRACProjectUITests */,
			);
		};
/* End PBXProject section */

/* Begin PBXResourcesBuildPhase section */
		DD164AF41D64631A001049D7 /* Resources */ = {
			isa = PBXResourcesBuildPhase;
			buildActionMask = 2147483647;
			files = (
				DD164B091D64631A001049D7 /* LaunchScreen.storyboard in Resources */,
				DDA14B1C1D76D8230013D22E /* zxx_jc.jpg in Resources */,
				DD164B061D64631A001049D7 /* Assets.xcassets in Resources */,
			);
			runOnlyForDeploymentPostprocessing = 0;
		};
		DD164B0D1D64631A001049D7 /* Resources */ = {
			isa = PBXResourcesBuildPhase;
			buildActionMask = 2147483647;
			files = (
			);
			runOnlyForDeploymentPostprocessing = 0;
		};
		DD164B181D64631A001049D7 /* Resources */ = {
			isa = PBXResourcesBuildPhase;
			buildActionMask = 2147483647;
			files = (
			);
			runOnlyForDeploymentPostprocessing = 0;
		};
/* End PBXResourcesBuildPhase section */

/* Begin PBXShellScriptBuildPhase section */
		3D43D74787877CD381DFF046 /* [CP] Check Pods Manifest.lock */ = {
			isa = PBXShellScriptBuildPhase;
			buildActionMask = 2147483647;
			files = (
			);
			inputPaths = (
			);
			name = "[CP] Check Pods Manifest.lock";
			outputPaths = (
			);
			runOnlyForDeploymentPostprocessing = 0;
			shellPath = /bin/sh;
			shellScript = "diff \"${PODS_ROOT}/../Podfile.lock\" \"${PODS_ROOT}/Manifest.lock\" > /dev/null\nif [ $? != 0 ] ; then\n    # print error to STDERR\n    echo \"error: The sandbox is not in sync with the Podfile.lock. Run 'pod install' or update your CocoaPods installation.\" >&2\n    exit 1\nfi\n";
			showEnvVarsInLog = 0;
		};
		9FF9FDD8D31EFD816B59F235 /* [CP] Embed Pods Frameworks */ = {
			isa = PBXShellScriptBuildPhase;
			buildActionMask = 2147483647;
			files = (
			);
			inputPaths = (
			);
			name = "[CP] Embed Pods Frameworks";
			outputPaths = (
			);
			runOnlyForDeploymentPostprocessing = 0;
			shellPath = /bin/sh;
			shellScript = "\"${SRCROOT}/Pods/Target Support Files/Pods-FristRACProject/Pods-FristRACProject-frameworks.sh\"\n";
			showEnvVarsInLog = 0;
		};
		D3077A045B093C5652342706 /* [CP] Copy Pods Resources */ = {
			isa = PBXShellScriptBuildPhase;
			buildActionMask = 2147483647;
			files = (
			);
			inputPaths = (
			);
			name = "[CP] Copy Pods Resources";
			outputPaths = (
			);
			runOnlyForDeploymentPostprocessing = 0;
			shellPath = /bin/sh;
			shellScript = "\"${SRCROOT}/Pods/Target Support Files/Pods-FristRACProject/Pods-FristRACProject-resources.sh\"\n";
			showEnvVarsInLog = 0;
		};
/* End PBXShellScriptBuildPhase section */

/* Begin PBXSourcesBuildPhase section */
		DD164AF21D64631A001049D7 /* Sources */ = {
			isa = PBXSourcesBuildPhase;
			buildActionMask = 2147483647;
			files = (
				DDA14B121D76D8230013D22E /* ZLBaseTableViewCell.m in Sources */,
				DDA14B141D76D8230013D22E /* ZLBaseViewController.m in Sources */,
				DDA14B1A1D76D8230013D22E /* LearCellViewModel.m in Sources */,
				DDA14B151D76D8230013D22E /* ZLBaseViewModel.m in Sources */,
				DDA14B161D76D8230013D22E /* LearingViewController.m in Sources */,
				DDA14B111D76D8230013D22E /* ZLBaseNavigationViewController.m in Sources */,
				DDA14B101D76D8230013D22E /* AppDelegate.m in Sources */,
				DDA14B191D76D8230013D22E /* LearView.m in Sources */,
				DDA14B1B1D76D8230013D22E /* LearViewModel.m in Sources */,
				DD164AFB1D64631A001049D7 /* main.m in Sources */,
				DDA14B171D76D8230013D22E /* LearingListModel.m in Sources */,
				DDA14B131D76D8230013D22E /* ZLBaseView.m in Sources */,
				DDA14B181D76D8230013D22E /* LiveModel.m in Sources */,
			);
			runOnlyForDeploymentPostprocessing = 0;
		};
		DD164B0B1D64631A001049D7 /* Sources */ = {
			isa = PBXSourcesBuildPhase;
			buildActionMask = 2147483647;
			files = (
				DD164B141D64631A001049D7 /* FristRACProjectTests.m in Sources */,
			);
			runOnlyForDeploymentPostprocessing = 0;
		};
		DD164B161D64631A001049D7 /* Sources */ = {
			isa = PBXSourcesBuildPhase;
			buildActionMask = 2147483647;
			files = (
				DD164B1F1D64631A001049D7 /* FristRACProjectUITests.m in Sources */,
			);
			runOnlyForDeploymentPostprocessing = 0;
		};
/* End PBXSourcesBuildPhase section */

/* Begin PBXTargetDependency section */
		DD164B111D64631A001049D7 /* PBXTargetDependency */ = {
			isa = PBXTargetDependency;
			target = DD164AF51D64631A001049D7 /* FristRACProject */;
			targetProxy = DD164B101D64631A001049D7 /* PBXContainerItemProxy */;
		};
		DD164B1C1D64631A001049D7 /* PBXTargetDependency */ = {
			isa = PBXTargetDependency;
			target = DD164AF51D64631A001049D7 /* FristRACProject */;
			targetProxy = DD164B1B1D64631A001049D7 /* PBXContainerItemProxy */;
		};
/* End PBXTargetDependency section */

/* Begin PBXVariantGroup section */
		DD164B071D64631A001049D7 /* LaunchScreen.storyboard */ = {
			isa = PBXVariantGroup;
			children = (
				DD164B081D64631A001049D7 /* Base */,
			);
			name = LaunchScreen.storyboard;
			sourceTree = "<group>";
		};
/* End PBXVariantGroup section */

/* Begin XCBuildConfiguration section */
		DD164B211D64631A001049D7 /* Debug */ = {
			isa = XCBuildConfiguration;
			buildSettings = {
				ALWAYS_SEARCH_USER_PATHS = NO;
				CLANG_ANALYZER_NONNULL = YES;
				CLANG_CXX_LANGUAGE_STANDARD = "gnu++0x";
				CLANG_CXX_LIBRARY = "libc++";
				CLANG_ENABLE_MODULES = YES;
				CLANG_ENABLE_OBJC_ARC = YES;
				CLANG_WARN_BOOL_CONVERSION = YES;
				CLANG_WARN_CONSTANT_CONVERSION = YES;
				CLANG_WARN_DIRECT_OBJC_ISA_USAGE = YES_ERROR;
				CLANG_WARN_EMPTY_BODY = YES;
				CLANG_WARN_ENUM_CONVERSION = YES;
				CLANG_WARN_INT_CONVERSION = YES;
				CLANG_WARN_OBJC_ROOT_CLASS = YES_ERROR;
				CLANG_WARN_UNREACHABLE_CODE = YES;
				CLANG_WARN__DUPLICATE_METHOD_MATCH = YES;
				"CODE_SIGN_IDENTITY[sdk=iphoneos*]" = "iPhone Developer";
				COPY_PHASE_STRIP = NO;
				DEBUG_INFORMATION_FORMAT = dwarf;
				ENABLE_STRICT_OBJC_MSGSEND = YES;
				ENABLE_TESTABILITY = YES;
				GCC_C_LANGUAGE_STANDARD = gnu99;
				GCC_DYNAMIC_NO_PIC = NO;
				GCC_NO_COMMON_BLOCKS = YES;
				GCC_OPTIMIZATION_LEVEL = 0;
				GCC_PREPROCESSOR_DEFINITIONS = (
					"DEBUG=1",
					"$(inherited)",
				);
				GCC_WARN_64_TO_32_BIT_CONVERSION = YES;
				GCC_WARN_ABOUT_RETURN_TYPE = YES_ERROR;
				GCC_WARN_UNDECLARED_SELECTOR = YES;
				GCC_WARN_UNINITIALIZED_AUTOS = YES_AGGRESSIVE;
				GCC_WARN_UNUSED_FUNCTION = YES;
				GCC_WARN_UNUSED_VARIABLE = YES;
				IPHONEOS_DEPLOYMENT_TARGET = 9.3;
				MTL_ENABLE_DEBUG_INFO = YES;
				ONLY_ACTIVE_ARCH = YES;
				SDKROOT = iphoneos;
			};
			name = Debug;
		};
		DD164B221D64631A001049D7 /* Release */ = {
			isa = XCBuildConfiguration;
			buildSettings = {
				ALWAYS_SEARCH_USER_PATHS = NO;
				CLANG_ANALYZER_NONNULL = YES;
				CLANG_CXX_LANGUAGE_STANDARD = "gnu++0x";
				CLANG_CXX_LIBRARY = "libc++";
				CLANG_ENABLE_MODULES = YES;
				CLANG_ENABLE_OBJC_ARC = YES;
				CLANG_WARN_BOOL_CONVERSION = YES;
				CLANG_WARN_CONSTANT_CONVERSION = YES;
				CLANG_WARN_DIRECT_OBJC_ISA_USAGE = YES_ERROR;
				CLANG_WARN_EMPTY_BODY = YES;
				CLANG_WARN_ENUM_CONVERSION = YES;
				CLANG_WARN_INT_CONVERSION = YES;
				CLANG_WARN_OBJC_ROOT_CLASS = YES_ERROR;
				CLANG_WARN_UNREACHABLE_CODE = YES;
				CLANG_WARN__DUPLICATE_METHOD_MATCH = YES;
				"CODE_SIGN_IDENTITY[sdk=iphoneos*]" = "iPhone Developer";
				COPY_PHASE_STRIP = NO;
				DEBUG_INFORMATION_FORMAT = "dwarf-with-dsym";
				ENABLE_NS_ASSERTIONS = NO;
				ENABLE_STRICT_OBJC_MSGSEND = YES;
				GCC_C_LANGUAGE_STANDARD = gnu99;
				GCC_NO_COMMON_BLOCKS = YES;
				GCC_WARN_64_TO_32_BIT_CONVERSION = YES;
				GCC_WARN_ABOUT_RETURN_TYPE = YES_ERROR;
				GCC_WARN_UNDECLARED_SELECTOR = YES;
				GCC_WARN_UNINITIALIZED_AUTOS = YES_AGGRESSIVE;
				GCC_WARN_UNUSED_FUNCTION = YES;
				GCC_WARN_UNUSED_VARIABLE = YES;
				IPHONEOS_DEPLOYMENT_TARGET = 9.3;
				MTL_ENABLE_DEBUG_INFO = NO;
				SDKROOT = iphoneos;
				VALIDATE_PRODUCT = YES;
			};
			name = Release;
		};
		DD164B241D64631A001049D7 /* Debug */ = {
			isa = XCBuildConfiguration;
			baseConfigurationReference = 1D9A936A5719AA27A813D6B8 /* Pods-FristRACProject.debug.xcconfig */;
			buildSettings = {
				ASSETCATALOG_COMPILER_APPICON_NAME = AppIcon;
				GCC_PREFIX_HEADER = "$(SRCROOT)/FristRACProject/PrefixHeader.pch";
				INFOPLIST_FILE = FristRACProject/Info.plist;
				LD_RUNPATH_SEARCH_PATHS = "$(inherited) @executable_path/Frameworks";
				PRODUCT_BUNDLE_IDENTIFIER = com.Baobao.FristRACProject;
				PRODUCT_NAME = "$(TARGET_NAME)";
			};
			name = Debug;
		};
		DD164B251D64631A001049D7 /* Release */ = {
			isa = XCBuildConfiguration;
			baseConfigurationReference = ECC7424153E2F0347E422481 /* Pods-FristRACProject.release.xcconfig */;
			buildSettings = {
				ASSETCATALOG_COMPILER_APPICON_NAME = AppIcon;
				GCC_PREFIX_HEADER = "$(SRCROOT)/FristRACProject/PrefixHeader.pch";
				INFOPLIST_FILE = FristRACProject/Info.plist;
				LD_RUNPATH_SEARCH_PATHS = "$(inherited) @executable_path/Frameworks";
				PRODUCT_BUNDLE_IDENTIFIER = com.Baobao.FristRACProject;
				PRODUCT_NAME = "$(TARGET_NAME)";
			};
			name = Release;
		};
		DD164B271D64631A001049D7 /* Debug */ = {
			isa = XCBuildConfiguration;
			buildSettings = {
				BUNDLE_LOADER = "$(TEST_HOST)";
				INFOPLIST_FILE = FristRACProjectTests/Info.plist;
				LD_RUNPATH_SEARCH_PATHS = "$(inherited) @executable_path/Frameworks @loader_path/Frameworks";
				PRODUCT_BUNDLE_IDENTIFIER = com.Baobao.FristRACProjectTests;
				PRODUCT_NAME = "$(TARGET_NAME)";
				TEST_HOST = "$(BUILT_PRODUCTS_DIR)/FristRACProject.app/FristRACProject";
			};
			name = Debug;
		};
		DD164B281D64631A001049D7 /* Release */ = {
			isa = XCBuildConfiguration;
			buildSettings = {
				BUNDLE_LOADER = "$(TEST_HOST)";
				INFOPLIST_FILE = FristRACProjectTests/Info.plist;
				LD_RUNPATH_SEARCH_PATHS = "$(inherited) @executable_path/Frameworks @loader_path/Frameworks";
				PRODUCT_BUNDLE_IDENTIFIER = com.Baobao.FristRACProjectTests;
				PRODUCT_NAME = "$(TARGET_NAME)";
				TEST_HOST = "$(BUILT_PRODUCTS_DIR)/FristRACProject.app/FristRACProject";
			};
			name = Release;
		};
		DD164B2A1D64631A001049D7 /* Debug */ = {
			isa = XCBuildConfiguration;
			buildSettings = {
				INFOPLIST_FILE = FristRACProjectUITests/Info.plist;
				LD_RUNPATH_SEARCH_PATHS = "$(inherited) @executable_path/Frameworks @loader_path/Frameworks";
				PRODUCT_BUNDLE_IDENTIFIER = com.Baobao.FristRACProjectUITests;
				PRODUCT_NAME = "$(TARGET_NAME)";
				TEST_TARGET_NAME = FristRACProject;
			};
			name = Debug;
		};
		DD164B2B1D64631A001049D7 /* Release */ = {
			isa = XCBuildConfiguration;
			buildSettings = {
				INFOPLIST_FILE = FristRACProjectUITests/Info.plist;
				LD_RUNPATH_SEARCH_PATHS = "$(inherited) @executable_path/Frameworks @loader_path/Frameworks";
				PRODUCT_BUNDLE_IDENTIFIER = com.Baobao.FristRACProjectUITests;
				PRODUCT_NAME = "$(TARGET_NAME)";
				TEST_TARGET_NAME = FristRACProject;
			};
			name = Release;
		};
/* End XCBuildConfiguration section */

/* Begin XCConfigurationList section */
		DD164AF11D64631A001049D7 /* Build configuration list for PBXProject "FristRACProject" */ = {
			isa = XCConfigurationList;
			buildConfigurations = (
				DD164B211D64631A001049D7 /* Debug */,
				DD164B221D64631A001049D7 /* Release */,
			);
			defaultConfigurationIsVisible = 0;
			defaultConfigurationName = Release;
		};
		DD164B231D64631A001049D7 /* Build configuration list for PBXNativeTarget "FristRACProject" */ = {
			isa = XCConfigurationList;
			buildConfigurations = (
				DD164B241D64631A001049D7 /* Debug */,
				DD164B251D64631A001049D7 /* Release */,
			);
			defaultConfigurationIsVisible = 0;
			defaultConfigurationName = Release;
		};
		DD164B261D64631A001049D7 /* Build configuration list for PBXNativeTarget "FristRACProjectTests" */ = {
			isa = XCConfigurationList;
			buildConfigurations = (
				DD164B271D64631A001049D7 /* Debug */,
				DD164B281D64631A001049D7 /* Release */,
			);
			defaultConfigurationIsVisible = 0;
			defaultConfigurationName = Release;
		};
		DD164B291D64631A001049D7 /* Build configuration list for PBXNativeTarget "FristRACProjectUITests" */ = {
			isa = XCConfigurationList;
			buildConfigurations = (
				DD164B2A1D64631A001049D7 /* Debug */,
				DD164B2B1D64631A001049D7 /* Release */,
			);
			defaultConfigurationIsVisible = 0;
			defaultConfigurationName = Release;
		};
/* End XCConfigurationList section */
	};
	rootObject = DD164AEE1D64631A001049D7 /* Project object */;
}
